<?xml version="1.0" encoding="utf-8"?>
<Project ToolsVersion="4.0" xmlns="http://schemas.microsoft.com/developer/msbuild/2003">
  <ItemGroup>
    <Filter Include="源文件">
      <UniqueIdentifier>{4FC737F1-C7A5-4376-A066-2A32D752A2FF}</UniqueIdentifier>
      <Extensions>cpp;c;cc;cxx;def;odl;idl;hpj;bat;asm;asmx</Extensions>
    </Filter>
    <Filter Include="头文件">
      <UniqueIdentifier>{93995380-89BD-4b04-88EB-625FBE52EBFB}</UniqueIdentifier>
      <Extensions>h;hh;hpp;hxx;hm;inl;inc;ipp;xsd</Extensions>
    </Filter>
    <Filter Include="资源文件">
      <UniqueIdentifier>{67DA6AB6-F800-4c08-8B7A-83BB121AAD01}</UniqueIdentifier>
      <Extensions>rc;ico;cur;bmp;dlg;rc2;rct;bin;rgs;gif;jpg;jpeg;jpe;resx;tiff;tif;png;wav;mfcribbon-ms</Extensions>
    </Filter>
  </ItemGroup>
  <ItemGroup>
    <ClCompile Include="API.cpp">
      <Filter>源文件</Filter>
    </ClCompile>
    <ClCompile Include="Attribute.cpp">
      <Filter>源文件</Filter>
    </ClCompile>
    <ClCompile Include="BPTree.cpp">
      <Filter>源文件</Filter>
    </ClCompile>
    <ClCompile Include="BPTreeEntry.cpp">
      <Filter>源文件</Filter>
    </ClCompile>
    <ClCompile Include="BPTreeKey.cpp">
      <Filter>源文件</Filter>
    </ClCompile>
    <ClCompile Include="BPTreeNode.cpp">
      <Filter>源文件</Filter>
    </ClCompile>
    <ClCompile Include="BufferManager.cpp">
      <Filter>源文件</Filter>
    </ClCompile>
    <ClCompile Include="CatalogManager.cpp">
      <Filter>源文件</Filter>
    </ClCompile>
    <ClCompile Include="CatalogPage.cpp">
      <Filter>源文件</Filter>
    </ClCompile>
    <ClCompile Include="ConditionContent.cpp">
      <Filter>源文件</Filter>
    </ClCompile>
    <ClCompile Include="IndexCatalogPage.cpp">
      <Filter>源文件</Filter>
    </ClCompile>
    <ClCompile Include="main.cpp">
      <Filter>源文件</Filter>
    </ClCompile>
    <ClCompile Include="RecordPage.cpp">
      <Filter>源文件</Filter>
    </ClCompile>
    <ClCompile Include="SQLcommand.cpp">
      <Filter>源文件</Filter>
    </ClCompile>
    <ClCompile Include="Table.cpp">
      <Filter>源文件</Filter>
    </ClCompile>
    <ClCompile Include="TableInfo.cpp">
      <Filter>源文件</Filter>
    </ClCompile>
    <ClCompile Include="Tuple.cpp">
      <Filter>源文件</Filter>
    </ClCompile>
    <ClCompile Include="y.tab.c">
      <Filter>源文件</Filter>
    </ClCompile>
    <ClCompile Include="lex.yy.cpp">
      <Filter>源文件</Filter>
    </ClCompile>
  </ItemGroup>
  <ItemGroup>
    <ClInclude Include="API.hpp">
      <Filter>头文件</Filter>
    </ClInclude>
    <ClInclude Include="Attribute.hpp">
      <Filter>头文件</Filter>
    </ClInclude>
    <ClInclude Include="BPTree.hpp">
      <Filter>头文件</Filter>
    </ClInclude>
    <ClInclude Include="BPTreeEntry.hpp">
      <Filter>头文件</Filter>
    </ClInclude>
    <ClInclude Include="BPTreeKey.hpp">
      <Filter>头文件</Filter>
    </ClInclude>
    <ClInclude Include="BPTreeNode.hpp">
      <Filter>头文件</Filter>
    </ClInclude>
    <ClInclude Include="BufferManager.hpp">
      <Filter>头文件</Filter>
    </ClInclude>
    <ClInclude Include="CatalogManager.hpp">
      <Filter>头文件</Filter>
    </ClInclude>
    <ClInclude Include="CatalogPage.hpp">
      <Filter>头文件</Filter>
    </ClInclude>
    <ClInclude Include="ConditionContent.hpp">
      <Filter>头文件</Filter>
    </ClInclude>
    <ClInclude Include="Global.h">
      <Filter>头文件</Filter>
    </ClInclude>
    <ClInclude Include="IndexCatalogPage.hpp">
      <Filter>头文件</Filter>
    </ClInclude>
    <ClInclude Include="Page.hpp">
      <Filter>头文件</Filter>
    </ClInclude>
    <ClInclude Include="RecordPage.hpp">
      <Filter>头文件</Filter>
    </ClInclude>
    <ClInclude Include="SQLcommand.hpp">
      <Filter>头文件</Filter>
    </ClInclude>
    <ClInclude Include="Table.hpp">
      <Filter>头文件</Filter>
    </ClInclude>
    <ClInclude Include="TableInfo.hpp">
      <Filter>头文件</Filter>
    </ClInclude>
    <ClInclude Include="Tuple.hpp">
      <Filter>头文件</Filter>
    </ClInclude>
    <ClInclude Include="y.tab.h">
      <Filter>头文件</Filter>
    </ClInclude>
  </ItemGroup>
  <ItemGroup>
    <None Include="interpreter.lpp" />
    <None Include="interpreter.ypp" />
  </ItemGroup>
</Project>